
Microsoft Visual Studio Solution File, Format Version 12.00
# Visual Studio Version 17
VisualStudioVersion = 17.3.32901.215
MinimumVisualStudioVersion = 10.0.40219.1
Project("{9A19103F-16F7-4668-BE54-9A1E7A4F7556}") = "Attributes", "Attributes.csproj", "{B59E7AB9-5806-429F-915F-5FC38F6E6045}"
EndProject
Global
	GlobalSection(SolutionConfigurationPlatforms) = preSolution
		Debug|Any CPU = Debug|Any CPU
		Release|Any CPU = Release|Any CPU
	EndGlobalSection
	GlobalSection(ProjectConfigurationPlatforms) = postSolution
		{B59E7AB9-5806-429F-915F-5FC38F6E6045}.Debug|Any CPU.ActiveCfg = Debug|Any CPU
		{B59E7AB9-5806-429F-915F-5FC38F6E6045}.Debug|Any CPU.Build.0 = Debug|Any CPU
		{B59E7AB9-5806-429F-915F-5FC38F6E6045}.Release|Any CPU.ActiveCfg = Release|Any CPU
		{B59E7AB9-5806-429F-915F-5FC38F6E6045}.Release|Any CPU.Build.0 = Release|Any CPU
	EndGlobalSection
	GlobalSection(SolutionProperties) = preSolution
		HideSolutionNode = FALSE
	EndGlobalSection
	GlobalSection(ExtensibilityGlobals) = postSolution
		SolutionGuid = {E3F06E27-C5CC-4A32-8E16-682FF3133888}
	EndGlobalSection
EndGlobal
